
Microsoft Visual Studio Solution File, Format Version 12.00
# Visual Studio Version 17
VisualStudioVersion = 17.6.33829.357
MinimumVisualStudioVersion = 10.0.40219.1
Project("{FAE04EC0-301F-11D3-BF4B-00C04F79EFBC}") = "Kundvagn", "Kundvagn\Kundvagn.csproj", "{E93EC794-A730-432D-988F-5257E59A86BF}"
EndProject
Global
	GlobalSection(SolutionConfigurationPlatforms) = preSolution
		Debug|Any CPU = Debug|Any CPU
		Release|Any CPU = Release|Any CPU
	EndGlobalSection
	GlobalSection(ProjectConfigurationPlatforms) = postSolution
		{E93EC794-A730-432D-988F-5257E59A86BF}.Debug|Any CPU.ActiveCfg = Debug|Any CPU
		{E93EC794-A730-432D-988F-5257E59A86BF}.Debug|Any CPU.Build.0 = Debug|Any CPU
		{E93EC794-A730-432D-988F-5257E59A86BF}.Release|Any CPU.ActiveCfg = Release|Any CPU
		{E93EC794-A730-432D-988F-5257E59A86BF}.Release|Any CPU.Build.0 = Release|Any CPU
	EndGlobalSection
	GlobalSection(SolutionProperties) = preSolution
		HideSolutionNode = FALSE
	EndGlobalSection
	GlobalSection(ExtensibilityGlobals) = postSolution
		SolutionGuid = {C1FAEA29-6AA6-408B-9730-1FE4808D8442}
	EndGlobalSection
EndGlobal
